dependencies:
- name: postgresql
  repository: https://charts.helm.sh/stable
  version: 8.6.4
- name: influxdb2
  repository: https://helm.influxdata.com/
  version: 2.0.0
- name: graphite
  repository: https://kiwigrid.github.io
  version: 0.7.3
digest: sha256:08185ea3318322a875104ec4b2daca39b264587868ea3ebc5053c1bf6dd7576f
generated: "2022-10-25T21:11:00.806235474+01:00"
